
Microsoft Visual Studio Solution File, Format Version 12.00
# Visual Studio Version 17
VisualStudioVersion = 17.4.33213.308
MinimumVisualStudioVersion = 10.0.40219.1
Project("{2150E333-8FDC-42A3-9474-1A3956D46DE8}") = "Sitema_Clinica", "Sitema_Clinica", "{3EBF7F21-D24D-4192-A762-AA41053AD507}"
EndProject
Project("{2150E333-8FDC-42A3-9474-1A3956D46DE8}") = "API Gateway", "API Gateway", "{5C2D7EF1-7D13-4981-A599-5840C1C9665E}"
EndProject
Project("{2150E333-8FDC-42A3-9474-1A3956D46DE8}") = "MS", "MS", "{F01458B4-59F9-4799-A6B7-460CE0007BE7}"
EndProject
Project("{FAE04EC0-301F-11D3-BF4B-00C04F79EFBC}") = "Clinica_Gateway.Api", "Clinica_Gateway.Api\Clinica_Gateway.Api.csproj", "{1101EB4B-11E7-4460-A037-E7407F3903B6}"
EndProject
Project("{FAE04EC0-301F-11D3-BF4B-00C04F79EFBC}") = "Clinica_Gateway.Aplicacion", "Clinica_Gateway.Aplicacion\Clinica_Gateway.Aplicacion.csproj", "{6579E52A-D1B6-4F8B-9476-45B98475D8F7}"
EndProject
Project("{2150E333-8FDC-42A3-9474-1A3956D46DE8}") = "Ms_Paciente", "Ms_Paciente", "{388A4CE3-52FE-43E3-AA18-D262652142CC}"
EndProject
Project("{2150E333-8FDC-42A3-9474-1A3956D46DE8}") = "Ms_Medico", "Ms_Medico", "{F6A9DB99-D3EE-4AB2-8970-35BBDE43D8A9}"
EndProject
Project("{2150E333-8FDC-42A3-9474-1A3956D46DE8}") = "Ms_GenerarConsulta", "Ms_GenerarConsulta", "{880D2329-45DA-4E14-AFE2-269E21AA6C05}"
EndProject
Project("{2150E333-8FDC-42A3-9474-1A3956D46DE8}") = "Ms_Servicios", "Ms_Servicios", "{95898B9F-24BA-4012-BF44-E13EE21D7A6B}"
EndProject
Project("{FAE04EC0-301F-11D3-BF4B-00C04F79EFBC}") = "Ms.Paciente.Api", "Ms.Paciente.Api\Ms.Paciente.Api.csproj", "{37F54E1F-9A5C-40A7-B8AC-014EF3DC7213}"
EndProject
Project("{FAE04EC0-301F-11D3-BF4B-00C04F79EFBC}") = "Ms.Servicios.Api", "Ms.Servicios.Api\Ms.Servicios.Api.csproj", "{26252CF5-55E9-4554-9F73-AFDD9E5FD353}"
EndProject
Project("{FAE04EC0-301F-11D3-BF4B-00C04F79EFBC}") = "Ms.Medico.Api", "Ms.Medico.Api\Ms.Medico.Api.csproj", "{E0145109-CE91-4C1C-B8D0-02A39E8CBC78}"
EndProject
Project("{FAE04EC0-301F-11D3-BF4B-00C04F79EFBC}") = "Ms.GenerarConsulta.Api", "Ms.GenerarConsulta.Api\Ms.GenerarConsulta.Api.csproj", "{AB2F40CE-505A-4920-BF65-8BB99643A191}"
EndProject
Project("{FAE04EC0-301F-11D3-BF4B-00C04F79EFBC}") = "Ms.GenerarConsulta.Aplicacion", "Ms.GenerarConsulta.Aplicacion\Ms.GenerarConsulta.Aplicacion.csproj", "{B3ADEDD1-EE21-43DF-AAC0-C531044580D4}"
EndProject
Project("{FAE04EC0-301F-11D3-BF4B-00C04F79EFBC}") = "Ms.GenerarConsulta.Dominio", "Ms.GenerarConsulta.Dominio\Ms.GenerarConsulta.Dominio.csproj", "{A2D0F201-BF71-4B84-BD86-B479DD89FC1A}"
EndProject
Project("{FAE04EC0-301F-11D3-BF4B-00C04F79EFBC}") = "Ms.GenerarConsulta.Infraestructura", "Ms.GenerarConsulta.Infraestructura\Ms.GenerarConsulta.Infraestructura.csproj", "{EA1FA2E1-0976-4972-BF07-5BD8F1574FC2}"
EndProject
Project("{FAE04EC0-301F-11D3-BF4B-00C04F79EFBC}") = "Ms.Medico.Aplicacion", "Ms.Medico.Aplicacion\Ms.Medico.Aplicacion.csproj", "{99509A21-3B67-407D-BDB6-FE33DB2658A5}"
EndProject
Project("{FAE04EC0-301F-11D3-BF4B-00C04F79EFBC}") = "Ms.Medico.Dominio", "Ms.Medico.Dominio\Ms.Medico.Dominio.csproj", "{FB6CE0E6-4934-405C-9785-14A7E7F84BD3}"
EndProject
Project("{FAE04EC0-301F-11D3-BF4B-00C04F79EFBC}") = "Ms.Medico.Infraestructura", "Ms.Medico.Infraestructura\Ms.Medico.Infraestructura.csproj", "{809BF779-02E1-4F68-8848-D2C6003D2D2C}"
EndProject
Project("{FAE04EC0-301F-11D3-BF4B-00C04F79EFBC}") = "Ms.Paciente.Aplicacion", "Ms.Paciente.Aplicacion\Ms.Paciente.Aplicacion.csproj", "{093A9DBB-13BA-4717-9435-99FB360D76B6}"
EndProject
Project("{FAE04EC0-301F-11D3-BF4B-00C04F79EFBC}") = "Ms.Paciente.Dominio", "Ms.Paciente.Dominio\Ms.Paciente.Dominio.csproj", "{F42F01DF-9B59-43AC-BD37-7E927B119C58}"
EndProject
Project("{FAE04EC0-301F-11D3-BF4B-00C04F79EFBC}") = "Ms.Paciente.Infraestructura", "Ms.Paciente.Infraestructura\Ms.Paciente.Infraestructura.csproj", "{099F0AD7-84AB-46BD-BE4B-50A1DDD65282}"
EndProject
Project("{FAE04EC0-301F-11D3-BF4B-00C04F79EFBC}") = "Ms.Servicios.Aplicacion", "Ms.Servicios.Aplicacion\Ms.Servicios.Aplicacion.csproj", "{26F65D6C-0F30-420C-9401-B9CB3B748B32}"
EndProject
Project("{FAE04EC0-301F-11D3-BF4B-00C04F79EFBC}") = "Ms.Servicios.Dominio", "Ms.Servicios.Dominio\Ms.Servicios.Dominio.csproj", "{8A167D5A-CBB4-463B-A9CB-7DC780234450}"
EndProject
Project("{FAE04EC0-301F-11D3-BF4B-00C04F79EFBC}") = "Ms.Servicios.Infraestructura", "Ms.Servicios.Infraestructura\Ms.Servicios.Infraestructura.csproj", "{C60294D5-C110-4AD4-8445-994E292230F4}"
EndProject
Global
	GlobalSection(SolutionConfigurationPlatforms) = preSolution
		Debug|Any CPU = Debug|Any CPU
		Release|Any CPU = Release|Any CPU
	EndGlobalSection
	GlobalSection(ProjectConfigurationPlatforms) = postSolution
		{1101EB4B-11E7-4460-A037-E7407F3903B6}.Debug|Any CPU.ActiveCfg = Debug|Any CPU
		{1101EB4B-11E7-4460-A037-E7407F3903B6}.Debug|Any CPU.Build.0 = Debug|Any CPU
		{1101EB4B-11E7-4460-A037-E7407F3903B6}.Release|Any CPU.ActiveCfg = Release|Any CPU
		{1101EB4B-11E7-4460-A037-E7407F3903B6}.Release|Any CPU.Build.0 = Release|Any CPU
		{6579E52A-D1B6-4F8B-9476-45B98475D8F7}.Debug|Any CPU.ActiveCfg = Debug|Any CPU
		{6579E52A-D1B6-4F8B-9476-45B98475D8F7}.Debug|Any CPU.Build.0 = Debug|Any CPU
		{6579E52A-D1B6-4F8B-9476-45B98475D8F7}.Release|Any CPU.ActiveCfg = Release|Any CPU
		{6579E52A-D1B6-4F8B-9476-45B98475D8F7}.Release|Any CPU.Build.0 = Release|Any CPU
		{37F54E1F-9A5C-40A7-B8AC-014EF3DC7213}.Debug|Any CPU.ActiveCfg = Debug|Any CPU
		{37F54E1F-9A5C-40A7-B8AC-014EF3DC7213}.Debug|Any CPU.Build.0 = Debug|Any CPU
		{37F54E1F-9A5C-40A7-B8AC-014EF3DC7213}.Release|Any CPU.ActiveCfg = Release|Any CPU
		{37F54E1F-9A5C-40A7-B8AC-014EF3DC7213}.Release|Any CPU.Build.0 = Release|Any CPU
		{26252CF5-55E9-4554-9F73-AFDD9E5FD353}.Debug|Any CPU.ActiveCfg = Debug|Any CPU
		{26252CF5-55E9-4554-9F73-AFDD9E5FD353}.Debug|Any CPU.Build.0 = Debug|Any CPU
		{26252CF5-55E9-4554-9F73-AFDD9E5FD353}.Release|Any CPU.ActiveCfg = Release|Any CPU
		{26252CF5-55E9-4554-9F73-AFDD9E5FD353}.Release|Any CPU.Build.0 = Release|Any CPU
		{E0145109-CE91-4C1C-B8D0-02A39E8CBC78}.Debug|Any CPU.ActiveCfg = Debug|Any CPU
		{E0145109-CE91-4C1C-B8D0-02A39E8CBC78}.Debug|Any CPU.Build.0 = Debug|Any CPU
		{E0145109-CE91-4C1C-B8D0-02A39E8CBC78}.Release|Any CPU.ActiveCfg = Release|Any CPU
		{E0145109-CE91-4C1C-B8D0-02A39E8CBC78}.Release|Any CPU.Build.0 = Release|Any CPU
		{AB2F40CE-505A-4920-BF65-8BB99643A191}.Debug|Any CPU.ActiveCfg = Debug|Any CPU
		{AB2F40CE-505A-4920-BF65-8BB99643A191}.Debug|Any CPU.Build.0 = Debug|Any CPU
		{AB2F40CE-505A-4920-BF65-8BB99643A191}.Release|Any CPU.ActiveCfg = Release|Any CPU
		{AB2F40CE-505A-4920-BF65-8BB99643A191}.Release|Any CPU.Build.0 = Release|Any CPU
		{B3ADEDD1-EE21-43DF-AAC0-C531044580D4}.Debug|Any CPU.ActiveCfg = Debug|Any CPU
		{B3ADEDD1-EE21-43DF-AAC0-C531044580D4}.Debug|Any CPU.Build.0 = Debug|Any CPU
		{B3ADEDD1-EE21-43DF-AAC0-C531044580D4}.Release|Any CPU.ActiveCfg = Release|Any CPU
		{B3ADEDD1-EE21-43DF-AAC0-C531044580D4}.Release|Any CPU.Build.0 = Release|Any CPU
		{A2D0F201-BF71-4B84-BD86-B479DD89FC1A}.Debug|Any CPU.ActiveCfg = Debug|Any CPU
		{A2D0F201-BF71-4B84-BD86-B479DD89FC1A}.Debug|Any CPU.Build.0 = Debug|Any CPU
		{A2D0F201-BF71-4B84-BD86-B479DD89FC1A}.Release|Any CPU.ActiveCfg = Release|Any CPU
		{A2D0F201-BF71-4B84-BD86-B479DD89FC1A}.Release|Any CPU.Build.0 = Release|Any CPU
		{EA1FA2E1-0976-4972-BF07-5BD8F1574FC2}.Debug|Any CPU.ActiveCfg = Debug|Any CPU
		{EA1FA2E1-0976-4972-BF07-5BD8F1574FC2}.Debug|Any CPU.Build.0 = Debug|Any CPU
		{EA1FA2E1-0976-4972-BF07-5BD8F1574FC2}.Release|Any CPU.ActiveCfg = Release|Any CPU
		{EA1FA2E1-0976-4972-BF07-5BD8F1574FC2}.Release|Any CPU.Build.0 = Release|Any CPU
		{99509A21-3B67-407D-BDB6-FE33DB2658A5}.Debug|Any CPU.ActiveCfg = Debug|Any CPU
		{99509A21-3B67-407D-BDB6-FE33DB2658A5}.Debug|Any CPU.Build.0 = Debug|Any CPU
		{99509A21-3B67-407D-BDB6-FE33DB2658A5}.Release|Any CPU.ActiveCfg = Release|Any CPU
		{99509A21-3B67-407D-BDB6-FE33DB2658A5}.Release|Any CPU.Build.0 = Release|Any CPU
		{FB6CE0E6-4934-405C-9785-14A7E7F84BD3}.Debug|Any CPU.ActiveCfg = Debug|Any CPU
		{FB6CE0E6-4934-405C-9785-14A7E7F84BD3}.Debug|Any CPU.Build.0 = Debug|Any CPU
		{FB6CE0E6-4934-405C-9785-14A7E7F84BD3}.Release|Any CPU.ActiveCfg = Release|Any CPU
		{FB6CE0E6-4934-405C-9785-14A7E7F84BD3}.Release|Any CPU.Build.0 = Release|Any CPU
		{809BF779-02E1-4F68-8848-D2C6003D2D2C}.Debug|Any CPU.ActiveCfg = Debug|Any CPU
		{809BF779-02E1-4F68-8848-D2C6003D2D2C}.Debug|Any CPU.Build.0 = Debug|Any CPU
		{809BF779-02E1-4F68-8848-D2C6003D2D2C}.Release|Any CPU.ActiveCfg = Release|Any CPU
		{809BF779-02E1-4F68-8848-D2C6003D2D2C}.Release|Any CPU.Build.0 = Release|Any CPU
		{093A9DBB-13BA-4717-9435-99FB360D76B6}.Debug|Any CPU.ActiveCfg = Debug|Any CPU
		{093A9DBB-13BA-4717-9435-99FB360D76B6}.Debug|Any CPU.Build.0 = Debug|Any CPU
		{093A9DBB-13BA-4717-9435-99FB360D76B6}.Release|Any CPU.ActiveCfg = Release|Any CPU
		{093A9DBB-13BA-4717-9435-99FB360D76B6}.Release|Any CPU.Build.0 = Release|Any CPU
		{F42F01DF-9B59-43AC-BD37-7E927B119C58}.Debug|Any CPU.ActiveCfg = Debug|Any CPU
		{F42F01DF-9B59-43AC-BD37-7E927B119C58}.Debug|Any CPU.Build.0 = Debug|Any CPU
		{F42F01DF-9B59-43AC-BD37-7E927B119C58}.Release|Any CPU.ActiveCfg = Release|Any CPU
		{F42F01DF-9B59-43AC-BD37-7E927B119C58}.Release|Any CPU.Build.0 = Release|Any CPU
		{099F0AD7-84AB-46BD-BE4B-50A1DDD65282}.Debug|Any CPU.ActiveCfg = Debug|Any CPU
		{099F0AD7-84AB-46BD-BE4B-50A1DDD65282}.Debug|Any CPU.Build.0 = Debug|Any CPU
		{099F0AD7-84AB-46BD-BE4B-50A1DDD65282}.Release|Any CPU.ActiveCfg = Release|Any CPU
		{099F0AD7-84AB-46BD-BE4B-50A1DDD65282}.Release|Any CPU.Build.0 = Release|Any CPU
		{26F65D6C-0F30-420C-9401-B9CB3B748B32}.Debug|Any CPU.ActiveCfg = Debug|Any CPU
		{26F65D6C-0F30-420C-9401-B9CB3B748B32}.Debug|Any CPU.Build.0 = Debug|Any CPU
		{26F65D6C-0F30-420C-9401-B9CB3B748B32}.Release|Any CPU.ActiveCfg = Release|Any CPU
		{26F65D6C-0F30-420C-9401-B9CB3B748B32}.Release|Any CPU.Build.0 = Release|Any CPU
		{8A167D5A-CBB4-463B-A9CB-7DC780234450}.Debug|Any CPU.ActiveCfg = Debug|Any CPU
		{8A167D5A-CBB4-463B-A9CB-7DC780234450}.Debug|Any CPU.Build.0 = Debug|Any CPU
		{8A167D5A-CBB4-463B-A9CB-7DC780234450}.Release|Any CPU.ActiveCfg = Release|Any CPU
		{8A167D5A-CBB4-463B-A9CB-7DC780234450}.Release|Any CPU.Build.0 = Release|Any CPU
		{C60294D5-C110-4AD4-8445-994E292230F4}.Debug|Any CPU.ActiveCfg = Debug|Any CPU
		{C60294D5-C110-4AD4-8445-994E292230F4}.Debug|Any CPU.Build.0 = Debug|Any CPU
		{C60294D5-C110-4AD4-8445-994E292230F4}.Release|Any CPU.ActiveCfg = Release|Any CPU
		{C60294D5-C110-4AD4-8445-994E292230F4}.Release|Any CPU.Build.0 = Release|Any CPU
	EndGlobalSection
	GlobalSection(SolutionProperties) = preSolution
		HideSolutionNode = FALSE
	EndGlobalSection
	GlobalSection(NestedProjects) = preSolution
		{5C2D7EF1-7D13-4981-A599-5840C1C9665E} = {3EBF7F21-D24D-4192-A762-AA41053AD507}
		{F01458B4-59F9-4799-A6B7-460CE0007BE7} = {3EBF7F21-D24D-4192-A762-AA41053AD507}
		{1101EB4B-11E7-4460-A037-E7407F3903B6} = {5C2D7EF1-7D13-4981-A599-5840C1C9665E}
		{6579E52A-D1B6-4F8B-9476-45B98475D8F7} = {5C2D7EF1-7D13-4981-A599-5840C1C9665E}
		{388A4CE3-52FE-43E3-AA18-D262652142CC} = {F01458B4-59F9-4799-A6B7-460CE0007BE7}
		{F6A9DB99-D3EE-4AB2-8970-35BBDE43D8A9} = {F01458B4-59F9-4799-A6B7-460CE0007BE7}
		{880D2329-45DA-4E14-AFE2-269E21AA6C05} = {F01458B4-59F9-4799-A6B7-460CE0007BE7}
		{95898B9F-24BA-4012-BF44-E13EE21D7A6B} = {F01458B4-59F9-4799-A6B7-460CE0007BE7}
		{37F54E1F-9A5C-40A7-B8AC-014EF3DC7213} = {388A4CE3-52FE-43E3-AA18-D262652142CC}
		{26252CF5-55E9-4554-9F73-AFDD9E5FD353} = {95898B9F-24BA-4012-BF44-E13EE21D7A6B}
		{E0145109-CE91-4C1C-B8D0-02A39E8CBC78} = {F6A9DB99-D3EE-4AB2-8970-35BBDE43D8A9}
		{AB2F40CE-505A-4920-BF65-8BB99643A191} = {880D2329-45DA-4E14-AFE2-269E21AA6C05}
		{B3ADEDD1-EE21-43DF-AAC0-C531044580D4} = {880D2329-45DA-4E14-AFE2-269E21AA6C05}
		{A2D0F201-BF71-4B84-BD86-B479DD89FC1A} = {880D2329-45DA-4E14-AFE2-269E21AA6C05}
		{EA1FA2E1-0976-4972-BF07-5BD8F1574FC2} = {880D2329-45DA-4E14-AFE2-269E21AA6C05}
		{99509A21-3B67-407D-BDB6-FE33DB2658A5} = {F6A9DB99-D3EE-4AB2-8970-35BBDE43D8A9}
		{FB6CE0E6-4934-405C-9785-14A7E7F84BD3} = {F6A9DB99-D3EE-4AB2-8970-35BBDE43D8A9}
		{809BF779-02E1-4F68-8848-D2C6003D2D2C} = {F6A9DB99-D3EE-4AB2-8970-35BBDE43D8A9}
		{093A9DBB-13BA-4717-9435-99FB360D76B6} = {388A4CE3-52FE-43E3-AA18-D262652142CC}
		{F42F01DF-9B59-43AC-BD37-7E927B119C58} = {388A4CE3-52FE-43E3-AA18-D262652142CC}
		{099F0AD7-84AB-46BD-BE4B-50A1DDD65282} = {388A4CE3-52FE-43E3-AA18-D262652142CC}
		{26F65D6C-0F30-420C-9401-B9CB3B748B32} = {95898B9F-24BA-4012-BF44-E13EE21D7A6B}
		{8A167D5A-CBB4-463B-A9CB-7DC780234450} = {95898B9F-24BA-4012-BF44-E13EE21D7A6B}
		{C60294D5-C110-4AD4-8445-994E292230F4} = {95898B9F-24BA-4012-BF44-E13EE21D7A6B}
	EndGlobalSection
	GlobalSection(ExtensibilityGlobals) = postSolution
		SolutionGuid = {B243E7B0-7325-4EBB-981B-1C4A08E6866B}
	EndGlobalSection
EndGlobal
